// !$*UTF8*$!
{
	archiveVersion = 1;
	classes = {
	};
	objectVersion = 50;
	objects = {

/* Begin PBXBuildFile section */
		8E2A0D7926948C7D00E5E847 /* AppDelegate.swift in Sources */ = {isa = PBXBuildFile; fileRef = 8E2A0D7826948C7D00E5E847 /* AppDelegate.swift */; };
		8E2A0D7B26948C7D00E5E847 /* SceneDelegate.swift in Sources */ = {isa = PBXBuildFile; fileRef = 8E2A0D7A26948C7D00E5E847 /* SceneDelegate.swift */; };
		8E2A0D7D26948C7D00E5E847 /* ViewController.swift in Sources */ = {isa = PBXBuildFile; fileRef = 8E2A0D7C26948C7D00E5E847 /* ViewController.swift */; };
		8E2A0D8026948C7D00E5E847 /* Main.storyboard in Resources */ = {isa = PBXBuildFile; fileRef = 8E2A0D7E26948C7D00E5E847 /* Main.storyboard */; };
		8E2A0D8226948C7E00E5E847 /* Assets.xcassets in Resources */ = {isa = PBXBuildFile; fileRef = 8E2A0D8126948C7E00E5E847 /* Assets.xcassets */; };
		8E2A0D8526948C7E00E5E847 /* LaunchScreen.storyboard in Resources */ = {isa = PBXBuildFile; fileRef = 8E2A0D8326948C7E00E5E847 /* LaunchScreen.storyboard */; };
		8E2A0D9026948C7E00E5E847 /* myPokemonTests.swift in Sources */ = {isa = PBXBuildFile; fileRef = 8E2A0D8F26948C7E00E5E847 /* myPokemonTests.swift */; };
		8E2A0D9B26948C7E00E5E847 /* myPokemonUITests.swift in Sources */ = {isa = PBXBuildFile; fileRef = 8E2A0D9A26948C7E00E5E847 /* myPokemonUITests.swift */; };
/* End PBXBuildFile section */

/* Begin PBXContainerItemProxy section */
		8E2A0D8C26948C7E00E5E847 /* PBXContainerItemProxy */ = {
			isa = PBXContainerItemProxy;
			containerPortal = 8E2A0D6D26948C7D00E5E847 /* Project object */;
			proxyType = 1;
			remoteGlobalIDString = 8E2A0D7426948C7D00E5E847;
			remoteInfo = myPokemon;
		};
		8E2A0D9726948C7E00E5E847 /* PBXContainerItemProxy */ = {
			isa = PBXContainerItemProxy;
			containerPortal = 8E2A0D6D26948C7D00E5E847 /* Project object */;
			proxyType = 1;
			remoteGlobalIDString = 8E2A0D7426948C7D00E5E847;
			remoteInfo = myPokemon;
		};
/* End PBXContainerItemProxy section */

/* Begin PBXFileReference section */
		8E2A0D7526948C7D00E5E847 /* myPokemon.app */ = {isa = PBXFileReference; explicitFileType = wrapper.application; includeInIndex = 0; path = myPokemon.app; sourceTree = BUILT_PRODUCTS_DIR; };
		8E2A0D7826948C7D00E5E847 /* AppDelegate.swift */ = {isa = PBXFileReference; lastKnownFileType = sourcecode.swift; path = AppDelegate.swift; sourceTree = "<group>"; };
		8E2A0D7A26948C7D00E5E847 /* SceneDelegate.swift */ = {isa = PBXFileReference; lastKnownFileType = sourcecode.swift; path = SceneDelegate.swift; sourceTree = "<group>"; };
		8E2A0D7C26948C7D00E5E847 /* ViewController.swift */ = {isa = PBXFileReference; lastKnownFileType = sourcecode.swift; path = ViewController.swift; sourceTree = "<group>"; };
		8E2A0D7F26948C7D00E5E847 /* Base */ = {isa = PBXFileReference; lastKnownFileType = file.storyboard; name = Base; path = Base.lproj/Main.storyboard; sourceTree = "<group>"; };
		8E2A0D8126948C7E00E5E847 /* Assets.xcassets */ = {isa = PBXFileReference; lastKnownFileType = folder.assetcatalog; path = Assets.xcassets; sourceTree = "<group>"; };
		8E2A0D8426948C7E00E5E847 /* Base */ = {isa = PBXFileReference; lastKnownFileType = file.storyboard; name = Base; path = Base.lproj/LaunchScreen.storyboard; sourceTree = "<group>"; };
		8E2A0D8626948C7E00E5E847 /* Info.plist */ = {isa = PBXFileReference; lastKnownFileType = text.plist.xml; path = Info.plist; sourceTree = "<group>"; };
		8E2A0D8B26948C7E00E5E847 /* myPokemonTests.xctest */ = {isa = PBXFileReference; explicitFileType = wrapper.cfbundle; includeInIndex = 0; path = myPokemonTests.xctest; sourceTree = BUILT_PRODUCTS_DIR; };
		8E2A0D8F26948C7E00E5E847 /* myPokemonTests.swift */ = {isa = PBXFileReference; lastKnownFileType = sourcecode.swift; path = myPokemonTests.swift; sourceTree = "<group>"; };
		8E2A0D9126948C7E00E5E847 /* Info.plist */ = {isa = PBXFileReference; lastKnownFileType = text.plist.xml; path = Info.plist; sourceTree = "<group>"; };
		8E2A0D9626948C7E00E5E847 /* myPokemonUITests.xctest */ = {isa = PBXFileReference; explicitFileType = wrapper.cfbundle; includeInIndex = 0; path = myPokemonUITests.xctest; sourceTree = BUILT_PRODUCTS_DIR; };
		8E2A0D9A26948C7E00E5E847 /* myPokemonUITests.swift */ = {isa = PBXFileReference; lastKnownFileType = sourcecode.swift; path = myPokemonUITests.swift; sourceTree = "<group>"; };
		8E2A0D9C26948C7E00E5E847 /* Info.plist */ = {isa = PBXFileReference; lastKnownFileType = text.plist.xml; path = Info.plist; sourceTree = "<group>"; };
/* End PBXFileReference section */

/* Begin PBXFrameworksBuildPhase section */
		8E2A0D7226948C7D00E5E847 /* Frameworks */ = {
			isa = PBXFrameworksBuildPhase;
			buildActionMask = 2147483647;
			files = (
			);
			runOnlyForDeploymentPostprocessing = 0;
		};
		8E2A0D8826948C7E00E5E847 /* Frameworks */ = {
			isa = PBXFrameworksBuildPhase;
			buildActionMask = 2147483647;
			files = (
			);
			runOnlyForDeploymentPostprocessing = 0;
		};
		8E2A0D9326948C7E00E5E847 /* Frameworks */ = {
			isa = PBXFrameworksBuildPhase;
			buildActionMask = 2147483647;
			files = (
			);
			runOnlyForDeploymentPostprocessing = 0;
		};
/* End PBXFrameworksBuildPhase section */

/* Begin PBXGroup section */
		8E2A0D6C26948C7D00E5E847 = {
			isa = PBXGroup;
			children = (
				8E2A0D7726948C7D00E5E847 /* myPokemon */,
				8E2A0D8E26948C7E00E5E847 /* myPokemonTests */,
				8E2A0D9926948C7E00E5E847 /* myPokemonUITests */,
				8E2A0D7626948C7D00E5E847 /* Products */,
			);
			sourceTree = "<group>";
		};
		8E2A0D7626948C7D00E5E847 /* Products */ = {
			isa = PBXGroup;
			children = (
				8E2A0D7526948C7D00E5E847 /* myPokemon.app */,
				8E2A0D8B26948C7E00E5E847 /* myPokemonTests.xctest */,
				8E2A0D9626948C7E00E5E847 /* myPokemonUITests.xctest */,
			);
			name = Products;
			sourceTree = "<group>";
		};
		8E2A0D7726948C7D00E5E847 /* myPokemon */ = {
			isa = PBXGroup;
			children = (
				8E2A0D7826948C7D00E5E847 /* AppDelegate.swift */,
				8E2A0D7A26948C7D00E5E847 /* SceneDelegate.swift */,
				8E2A0D7C26948C7D00E5E847 /* ViewController.swift */,
				8E2A0D7E26948C7D00E5E847 /* Main.storyboard */,
				8E2A0D8126948C7E00E5E847 /* Assets.xcassets */,
				8E2A0D8326948C7E00E5E847 /* LaunchScreen.storyboard */,
				8E2A0D8626948C7E00E5E847 /* Info.plist */,
			);
			path = myPokemon;
			sourceTree = "<group>";
		};
		8E2A0D8E26948C7E00E5E847 /* myPokemonTests */ = {
			isa = PBXGroup;
			children = (
				8E2A0D8F26948C7E00E5E847 /* myPokemonTests.swift */,
				8E2A0D9126948C7E00E5E847 /* Info.plist */,
			);
			path = myPokemonTests;
			sourceTree = "<group>";
		};
		8E2A0D9926948C7E00E5E847 /* myPokemonUITests */ = {
			isa = PBXGroup;
			children = (
				8E2A0D9A26948C7E00E5E847 /* myPokemonUITests.swift */,
				8E2A0D9C26948C7E00E5E847 /* Info.plist */,
			);
			path = myPokemonUITests;
			sourceTree = "<group>";
		};
/* End PBXGroup section */

/* Begin PBXNativeTarget section */
		8E2A0D7426948C7D00E5E847 /* myPokemon */ = {
			isa = PBXNativeTarget;
			buildConfigurationList = 8E2A0D9F26948C7E00E5E847 /* Build configuration list for PBXNativeTarget "myPokemon" */;
			buildPhases = (
				8E2A0D7126948C7D00E5E847 /* Sources */,
				8E2A0D7226948C7D00E5E847 /* Frameworks */,
				8E2A0D7326948C7D00E5E847 /* Resources */,
			);
			buildRules = (
			);
			dependencies = (
			);
			name = myPokemon;
			productName = myPokemon;
			productReference = 8E2A0D7526948C7D00E5E847 /* myPokemon.app */;
			productType = "com.apple.product-type.application";
		};
		8E2A0D8A26948C7E00E5E847 /* myPokemonTests */ = {
			isa = PBXNativeTarget;
			buildConfigurationList = 8E2A0DA226948C7E00E5E847 /* Build configuration list for PBXNativeTarget "myPokemonTests" */;
			buildPhases = (
				8E2A0D8726948C7E00E5E847 /* Sources */,
				8E2A0D8826948C7E00E5E847 /* Frameworks */,
				8E2A0D8926948C7E00E5E847 /* Resources */,
			);
			buildRules = (
			);
			dependencies = (
				8E2A0D8D26948C7E00E5E847 /* PBXTargetDependency */,
			);
			name = myPokemonTests;
			productName = myPokemonTests;
			productReference = 8E2A0D8B26948C7E00E5E847 /* myPokemonTests.xctest */;
			productType = "com.apple.product-type.bundle.unit-test";
		};
		8E2A0D9526948C7E00E5E847 /* myPokemonUITests */ = {
			isa = PBXNativeTarget;
			buildConfigurationList = 8E2A0DA526948C7E00E5E847 /* Build configuration list for PBXNativeTarget "myPokemonUITests" */;
			buildPhases = (
				8E2A0D9226948C7E00E5E847 /* Sources */,
				8E2A0D9326948C7E00E5E847 /* Frameworks */,
				8E2A0D9426948C7E00E5E847 /* Resources */,
			);
			buildRules = (
			);
			dependencies = (
				8E2A0D9826948C7E00E5E847 /* PBXTargetDependency */,
			);
			name = myPokemonUITests;
			productName = myPokemonUITests;
			productReference = 8E2A0D9626948C7E00E5E847 /* myPokemonUITests.xctest */;
			productType = "com.apple.product-type.bundle.ui-testing";
		};
/* End PBXNativeTarget section */

/* Begin PBXProject section */
		8E2A0D6D26948C7D00E5E847 /* Project object */ = {
			isa = PBXProject;
			attributes = {
				LastSwiftUpdateCheck = 1250;
				LastUpgradeCheck = 1250;
				TargetAttributes = {
					8E2A0D7426948C7D00E5E847 = {
						CreatedOnToolsVersion = 12.5;
					};
					8E2A0D8A26948C7E00E5E847 = {
						CreatedOnToolsVersion = 12.5;
						TestTargetID = 8E2A0D7426948C7D00E5E847;
					};
					8E2A0D9526948C7E00E5E847 = {
						CreatedOnToolsVersion = 12.5;
						TestTargetID = 8E2A0D7426948C7D00E5E847;
					};
				};
			};
			buildConfigurationList = 8E2A0D7026948C7D00E5E847 /* Build configuration list for PBXProject "myPokemon" */;
			compatibilityVersion = "Xcode 9.3";
			developmentRegion = en;
			hasScannedForEncodings = 0;
			knownRegions = (
				en,
				Base,
			);
			mainGroup = 8E2A0D6C26948C7D00E5E847;
			productRefGroup = 8E2A0D7626948C7D00E5E847 /* Products */;
			projectDirPath = "";
			projectRoot = "";
			targets = (
				8E2A0D7426948C7D00E5E847 /* myPokemon */,
				8E2A0D8A26948C7E00E5E847 /* myPokemonTests */,
				8E2A0D9526948C7E00E5E847 /* myPokemonUITests */,
			);
		};
/* End PBXProject section */

/* Begin PBXResourcesBuildPhase section */
		8E2A0D7326948C7D00E5E847 /* Resources */ = {
			isa = PBXResourcesBuildPhase;
			buildActionMask = 2147483647;
			files = (
				8E2A0D8526948C7E00E5E847 /* LaunchScreen.storyboard in Resources */,
				8E2A0D8226948C7E00E5E847 /* Assets.xcassets in Resources */,
				8E2A0D8026948C7D00E5E847 /* Main.storyboard in Resources */,
			);
			runOnlyForDeploymentPostprocessing = 0;
		};
		8E2A0D8926948C7E00E5E847 /* Resources */ = {
			isa = PBXResourcesBuildPhase;
			buildActionMask = 2147483647;
			files = (
			);
			runOnlyForDeploymentPostprocessing = 0;
		};
		8E2A0D9426948C7E00E5E847 /* Resources */ = {
			isa = PBXResourcesBuildPhase;
			buildActionMask = 2147483647;
			files = (
			);
			runOnlyForDeploymentPostprocessing = 0;
		};
/* End PBXResourcesBuildPhase section */

/* Begin PBXSourcesBuildPhase section */
		8E2A0D7126948C7D00E5E847 /* Sources */ = {
			isa = PBXSourcesBuildPhase;
			buildActionMask = 2147483647;
			files = (
				8E2A0D7D26948C7D00E5E847 /* ViewController.swift in Sources */,
				8E2A0D7926948C7D00E5E847 /* AppDelegate.swift in Sources */,
				8E2A0D7B26948C7D00E5E847 /* SceneDelegate.swift in Sources */,
			);
			runOnlyForDeploymentPostprocessing = 0;
		};
		8E2A0D8726948C7E00E5E847 /* Sources */ = {
			isa = PBXSourcesBuildPhase;
			buildActionMask = 2147483647;
			files = (
				8E2A0D9026948C7E00E5E847 /* myPokemonTests.swift in Sources */,
			);
			runOnlyForDeploymentPostprocessing = 0;
		};
		8E2A0D9226948C7E00E5E847 /* Sources */ = {
			isa = PBXSourcesBuildPhase;
			buildActionMask = 2147483647;
			files = (
				8E2A0D9B26948C7E00E5E847 /* myPokemonUITests.swift in Sources */,
			);
			runOnlyForDeploymentPostprocessing = 0;
		};
/* End PBXSourcesBuildPhase section */

/* Begin PBXTargetDependency section */
		8E2A0D8D26948C7E00E5E847 /* PBXTargetDependency */ = {
			isa = PBXTargetDependency;
			target = 8E2A0D7426948C7D00E5E847 /* myPokemon */;
			targetProxy = 8E2A0D8C26948C7E00E5E847 /* PBXContainerItemProxy */;
		};
		8E2A0D9826948C7E00E5E847 /* PBXTargetDependency */ = {
			isa = PBXTargetDependency;
			target = 8E2A0D7426948C7D00E5E847 /* myPokemon */;
			targetProxy = 8E2A0D9726948C7E00E5E847 /* PBXContainerItemProxy */;
		};
/* End PBXTargetDependency section */

/* Begin PBXVariantGroup section */
		8E2A0D7E26948C7D00E5E847 /* Main.storyboard */ = {
			isa = PBXVariantGroup;
			children = (
				8E2A0D7F26948C7D00E5E847 /* Base */,
			);
			name = Main.storyboard;
			sourceTree = "<group>";
		};
		8E2A0D8326948C7E00E5E847 /* LaunchScreen.storyboard */ = {
			isa = PBXVariantGroup;
			children = (
				8E2A0D8426948C7E00E5E847 /* Base */,
			);
			name = LaunchScreen.storyboard;
			sourceTree = "<group>";
		};
/* End PBXVariantGroup section */

/* Begin XCBuildConfiguration section */
		8E2A0D9D26948C7E00E5E847 /* Debug */ = {
			isa = XCBuildConfiguration;
			buildSettings = {
				ALWAYS_SEARCH_USER_PATHS = NO;
				CLANG_ANALYZER_NONNULL = YES;
				CLANG_ANALYZER_NUMBER_OBJECT_CONVERSION = YES_AGGRESSIVE;
				CLANG_CXX_LANGUAGE_STANDARD = "gnu++14";
				CLANG_CXX_LIBRARY = "libc++";
				CLANG_ENABLE_MODULES = YES;
				CLANG_ENABLE_OBJC_ARC = YES;
				CLANG_ENABLE_OBJC_WEAK = YES;
				CLANG_WARN_BLOCK_CAPTURE_AUTORELEASING = YES;
				CLANG_WARN_BOOL_CONVERSION = YES;
				CLANG_WARN_COMMA = YES;
				CLANG_WARN_CONSTANT_CONVERSION = YES;
				CLANG_WARN_DEPRECATED_OBJC_IMPLEMENTATIONS = YES;
				CLANG_WARN_DIRECT_OBJC_ISA_USAGE = YES_ERROR;
				CLANG_WARN_DOCUMENTATION_COMMENTS = YES;
				CLANG_WARN_EMPTY_BODY = YES;
				CLANG_WARN_ENUM_CONVERSION = YES;
				CLANG_WARN_INFINITE_RECURSION = YES;
				CLANG_WARN_INT_CONVERSION = YES;
				CLANG_WARN_NON_LITERAL_NULL_CONVERSION = YES;
				CLANG_WARN_OBJC_IMPLICIT_RETAIN_SELF = YES;
				CLANG_WARN_OBJC_LITERAL_CONVERSION = YES;
				CLANG_WARN_OBJC_ROOT_CLASS = YES_ERROR;
				CLANG_WARN_QUOTED_INCLUDE_IN_FRAMEWORK_HEADER = YES;
				CLANG_WARN_RANGE_LOOP_ANALYSIS = YES;
				CLANG_WARN_STRICT_PROTOTYPES = YES;
				CLANG_WARN_SUSPICIOUS_MOVE = YES;
				CLANG_WARN_UNGUARDED_AVAILABILITY = YES_AGGRESSIVE;
				CLANG_WARN_UNREACHABLE_CODE = YES;
				CLANG_WARN__DUPLICATE_METHOD_MATCH = YES;
				COPY_PHASE_STRIP = NO;
				DEBUG_INFORMATION_FORMAT = dwarf;
				ENABLE_STRICT_OBJC_MSGSEND = YES;
				ENABLE_TESTABILITY = YES;
				GCC_C_LANGUAGE_STANDARD = gnu11;
				GCC_DYNAMIC_NO_PIC = NO;
				GCC_NO_COMMON_BLOCKS = YES;
				GCC_OPTIMIZATION_LEVEL = 0;
				GCC_PREPROCESSOR_DEFINITIONS = (
					"DEBUG=1",
					"$(inherited)",
				);
				GCC_WARN_64_TO_32_BIT_CONVERSION = YES;
				GCC_WARN_ABOUT_RETURN_TYPE = YES_ERROR;
				GCC_WARN_UNDECLARED_SELECTOR = YES;
				GCC_WARN_UNINITIALIZED_AUTOS = YES_AGGRESSIVE;
				GCC_WARN_UNUSED_FUNCTION = YES;
				GCC_WARN_UNUSED_VARIABLE = YES;
				IPHONEOS_DEPLOYMENT_TARGET = 14.5;
				MTL_ENABLE_DEBUG_INFO = INCLUDE_SOURCE;
				MTL_FAST_MATH = YES;
				ONLY_ACTIVE_ARCH = YES;
				SDKROOT = iphoneos;
				SWIFT_ACTIVE_COMPILATION_CONDITIONS = DEBUG;
				SWIFT_OPTIMIZATION_LEVEL = "-Onone";
			};
			name = Debug;
		};
		8E2A0D9E26948C7E00E5E847 /* Release */ = {
			isa = XCBuildConfiguration;
			buildSettings = {
				ALWAYS_SEARCH_USER_PATHS = NO;
				CLANG_ANALYZER_NONNULL = YES;
				CLANG_ANALYZER_NUMBER_OBJECT_CONVERSION = YES_AGGRESSIVE;
				CLANG_CXX_LANGUAGE_STANDARD = "gnu++14";
				CLANG_CXX_LIBRARY = "libc++";
				CLANG_ENABLE_MODULES = YES;
				CLANG_ENABLE_OBJC_ARC = YES;
				CLANG_ENABLE_OBJC_WEAK = YES;
				CLANG_WARN_BLOCK_CAPTURE_AUTORELEASING = YES;
				CLANG_WARN_BOOL_CONVERSION = YES;
				CLANG_WARN_COMMA = YES;
				CLANG_WARN_CONSTANT_CONVERSION = YES;
				CLANG_WARN_DEPRECATED_OBJC_IMPLEMENTATIONS = YES;
				CLANG_WARN_DIRECT_OBJC_ISA_USAGE = YES_ERROR;
				CLANG_WARN_DOCUMENTATION_COMMENTS = YES;
				CLANG_WARN_EMPTY_BODY = YES;
				CLANG_WARN_ENUM_CONVERSION = YES;
				CLANG_WARN_INFINITE_RECURSION = YES;
				CLANG_WARN_INT_CONVERSION = YES;
				CLANG_WARN_NON_LITERAL_NULL_CONVERSION = YES;
				CLANG_WARN_OBJC_IMPLICIT_RETAIN_SELF = YES;
				CLANG_WARN_OBJC_LITERAL_CONVERSION = YES;
				CLANG_WARN_OBJC_ROOT_CLASS = YES_ERROR;
				CLANG_WARN_QUOTED_INCLUDE_IN_FRAMEWORK_HEADER = YES;
				CLANG_WARN_RANGE_LOOP_ANALYSIS = YES;
				CLANG_WARN_STRICT_PROTOTYPES = YES;
				CLANG_WARN_SUSPICIOUS_MOVE = YES;
				CLANG_WARN_UNGUARDED_AVAILABILITY = YES_AGGRESSIVE;
				CLANG_WARN_UNREACHABLE_CODE = YES;
				CLANG_WARN__DUPLICATE_METHOD_MATCH = YES;
				COPY_PHASE_STRIP = NO;
				DEBUG_INFORMATION_FORMAT = "dwarf-with-dsym";
				ENABLE_NS_ASSERTIONS = NO;
				ENABLE_STRICT_OBJC_MSGSEND = YES;
				GCC_C_LANGUAGE_STANDARD = gnu11;
				GCC_NO_COMMON_BLOCKS = YES;
				GCC_WARN_64_TO_32_BIT_CONVERSION = YES;
				GCC_WARN_ABOUT_RETURN_TYPE = YES_ERROR;
				GCC_WARN_UNDECLARED_SELECTOR = YES;
				GCC_WARN_UNINITIALIZED_AUTOS = YES_AGGRESSIVE;
				GCC_WARN_UNUSED_FUNCTION = YES;
				GCC_WARN_UNUSED_VARIABLE = YES;
				IPHONEOS_DEPLOYMENT_TARGET = 14.5;
				MTL_ENABLE_DEBUG_INFO = NO;
				MTL_FAST_MATH = YES;
				SDKROOT = iphoneos;
				SWIFT_COMPILATION_MODE = wholemodule;
				SWIFT_OPTIMIZATION_LEVEL = "-O";
				VALIDATE_PRODUCT = YES;
			};
			name = Release;
		};
		8E2A0DA026948C7E00E5E847 /* Debug */ = {
			isa = XCBuildConfiguration;
			buildSettings = {
				ASSETCATALOG_COMPILER_APPICON_NAME = AppIcon;
				ASSETCATALOG_COMPILER_GLOBAL_ACCENT_COLOR_NAME = AccentColor;
				CODE_SIGN_STYLE = Automatic;
				DEVELOPMENT_TEAM = RB4CXN894G;
				INFOPLIST_FILE = myPokemon/Info.plist;
				LD_RUNPATH_SEARCH_PATHS = (
					"$(inherited)",
					"@executable_path/Frameworks",
				);
				PRODUCT_BUNDLE_IDENTIFIER = br.kell.myPokemon;
				PRODUCT_NAME = "$(TARGET_NAME)";
				SWIFT_VERSION = 5.0;
				TARGETED_DEVICE_FAMILY = "1,2";
			};
			name = Debug;
		};
		8E2A0DA126948C7E00E5E847 /* Release */ = {
			isa = XCBuildConfiguration;
			buildSettings = {
				ASSETCATALOG_COMPILER_APPICON_NAME = AppIcon;
				ASSETCATALOG_COMPILER_GLOBAL_ACCENT_COLOR_NAME = AccentColor;
				CODE_SIGN_STYLE = Automatic;
				DEVELOPMENT_TEAM = RB4CXN894G;
				INFOPLIST_FILE = myPokemon/Info.plist;
				LD_RUNPATH_SEARCH_PATHS = (
					"$(inherited)",
					"@executable_path/Frameworks",
				);
				PRODUCT_BUNDLE_IDENTIFIER = br.kell.myPokemon;
				PRODUCT_NAME = "$(TARGET_NAME)";
				SWIFT_VERSION = 5.0;
				TARGETED_DEVICE_FAMILY = "1,2";
			};
			name = Release;
		};
		8E2A0DA326948C7E00E5E847 /* Debug */ = {
			isa = XCBuildConfiguration;
			buildSettings = {
				ALWAYS_EMBED_SWIFT_STANDARD_LIBRARIES = YES;
				BUNDLE_LOADER = "$(TEST_HOST)";
				CODE_SIGN_STYLE = Automatic;
				DEVELOPMENT_TEAM = RB4CXN894G;
				INFOPLIST_FILE = myPokemonTests/Info.plist;
				IPHONEOS_DEPLOYMENT_TARGET = 14.5;
				LD_RUNPATH_SEARCH_PATHS = (
					"$(inherited)",
					"@executable_path/Frameworks",
					"@loader_path/Frameworks",
				);
				PRODUCT_BUNDLE_IDENTIFIER = br.kell.myPokemonTests;
				PRODUCT_NAME = "$(TARGET_NAME)";
				SWIFT_VERSION = 5.0;
				TARGETED_DEVICE_FAMILY = "1,2";
				TEST_HOST = "$(BUILT_PRODUCTS_DIR)/myPokemon.app/myPokemon";
			};
			name = Debug;
		};
		8E2A0DA426948C7E00E5E847 /* Release */ = {
			isa = XCBuildConfiguration;
			buildSettings = {
				ALWAYS_EMBED_SWIFT_STANDARD_LIBRARIES = YES;
				BUNDLE_LOADER = "$(TEST_HOST)";
				CODE_SIGN_STYLE = Automatic;
				DEVELOPMENT_TEAM = RB4CXN894G;
				INFOPLIST_FILE = myPokemonTests/Info.plist;
				IPHONEOS_DEPLOYMENT_TARGET = 14.5;
				LD_RUNPATH_SEARCH_PATHS = (
					"$(inherited)",
					"@executable_path/Frameworks",
					"@loader_path/Frameworks",
				);
				PRODUCT_BUNDLE_IDENTIFIER = br.kell.myPokemonTests;
				PRODUCT_NAME = "$(TARGET_NAME)";
				SWIFT_VERSION = 5.0;
				TARGETED_DEVICE_FAMILY = "1,2";
				TEST_HOST = "$(BUILT_PRODUCTS_DIR)/myPokemon.app/myPokemon";
			};
			name = Release;
		};
		8E2A0DA626948C7E00E5E847 /* Debug */ = {
			isa = XCBuildConfiguration;
			buildSettings = {
				ALWAYS_EMBED_SWIFT_STANDARD_LIBRARIES = YES;
				CODE_SIGN_STYLE = Automatic;
				DEVELOPMENT_TEAM = RB4CXN894G;
				INFOPLIST_FILE = myPokemonUITests/Info.plist;
				LD_RUNPATH_SEARCH_PATHS = (
					"$(inherited)",
					"@executable_path/Frameworks",
					"@loader_path/Frameworks",
				);
				PRODUCT_BUNDLE_IDENTIFIER = br.kell.myPokemonUITests;
				PRODUCT_NAME = "$(TARGET_NAME)";
				SWIFT_VERSION = 5.0;
				TARGETED_DEVICE_FAMILY = "1,2";
				TEST_TARGET_NAME = myPokemon;
			};
			name = Debug;
		};
		8E2A0DA726948C7E00E5E847 /* Release */ = {
			isa = XCBuildConfiguration;
			buildSettings = {
				ALWAYS_EMBED_SWIFT_STANDARD_LIBRARIES = YES;
				CODE_SIGN_STYLE = Automatic;
				DEVELOPMENT_TEAM = RB4CXN894G;
				INFOPLIST_FILE = myPokemonUITests/Info.plist;
				LD_RUNPATH_SEARCH_PATHS = (
					"$(inherited)",
					"@executable_path/Frameworks",
					"@loader_path/Frameworks",
				);
				PRODUCT_BUNDLE_IDENTIFIER = br.kell.myPokemonUITests;
				PRODUCT_NAME = "$(TARGET_NAME)";
				SWIFT_VERSION = 5.0;
				TARGETED_DEVICE_FAMILY = "1,2";
				TEST_TARGET_NAME = myPokemon;
			};
			name = Release;
		};
/* End XCBuildConfiguration section */

/* Begin XCConfigurationList section */
		8E2A0D7026948C7D00E5E847 /* Build configuration list for PBXProject "myPokemon" */ = {
			isa = XCConfigurationList;
			buildConfigurations = (
				8E2A0D9D26948C7E00E5E847 /* Debug */,
				8E2A0D9E26948C7E00E5E847 /* Release */,
			);
			defaultConfigurationIsVisible = 0;
			defaultConfigurationName = Release;
		};
		8E2A0D9F26948C7E00E5E847 /* Build configuration list for PBXNativeTarget "myPokemon" */ = {
			isa = XCConfigurationList;
			buildConfigurations = (
				8E2A0DA026948C7E00E5E847 /* Debug */,
				8E2A0DA126948C7E00E5E847 /* Release */,
			);
			defaultConfigurationIsVisible = 0;
			defaultConfigurationName = Release;
		};
		8E2A0DA226948C7E00E5E847 /* Build configuration list for PBXNativeTarget "myPokemonTests" */ = {
			isa = XCConfigurationList;
			buildConfigurations = (
				8E2A0DA326948C7E00E5E847 /* Debug */,
				8E2A0DA426948C7E00E5E847 /* Release */,
			);
			defaultConfigurationIsVisible = 0;
			defaultConfigurationName = Release;
		};
		8E2A0DA526948C7E00E5E847 /* Build configuration list for PBXNativeTarget "myPokemonUITests" */ = {
			isa = XCConfigurationList;
			buildConfigurations = (
				8E2A0DA626948C7E00E5E847 /* Debug */,
				8E2A0DA726948C7E00E5E847 /* Release */,
			);
			defaultConfigurationIsVisible = 0;
			defaultConfigurationName = Release;
		};
/* End XCConfigurationList section */
	};
	rootObject = 8E2A0D6D26948C7D00E5E847 /* Project object */;
}
